
Microsoft Visual Studio Solution File, Format Version 12.00
# Visual Studio Version 17
VisualStudioVersion = 17.9.34701.34
MinimumVisualStudioVersion = 10.0.40219.1
Project("{FAE04EC0-301F-11D3-BF4B-00C04F79EFBC}") = "Ingredient", "Ingredient\Ingredient.csproj", "{E2836FEC-56CC-47FE-926D-60C6511F9385}"
EndProject
Global
	GlobalSection(SolutionConfigurationPlatforms) = preSolution
		Debug|Any CPU = Debug|Any CPU
		Release|Any CPU = Release|Any CPU
	EndGlobalSection
	GlobalSection(ProjectConfigurationPlatforms) = postSolution
		{E2836FEC-56CC-47FE-926D-60C6511F9385}.Debug|Any CPU.ActiveCfg = Debug|Any CPU
		{E2836FEC-56CC-47FE-926D-60C6511F9385}.Debug|Any CPU.Build.0 = Debug|Any CPU
		{E2836FEC-56CC-47FE-926D-60C6511F9385}.Release|Any CPU.ActiveCfg = Release|Any CPU
		{E2836FEC-56CC-47FE-926D-60C6511F9385}.Release|Any CPU.Build.0 = Release|Any CPU
	EndGlobalSection
	GlobalSection(SolutionProperties) = preSolution
		HideSolutionNode = FALSE
	EndGlobalSection
	GlobalSection(ExtensibilityGlobals) = postSolution
		SolutionGuid = {6F7559E1-0C6B-40F6-ABF6-090133AC07D4}
	EndGlobalSection
EndGlobal
